{
  "originHash" : "03f7098bb3720b32b99a495904ede472efc78bcdca6fe90f51067de93421773b",
  "pins" : [
    {
      "identity" : "swiftsdk",
      "kind" : "remoteSourceControl",
      "location" : "https://github.com/TelemetryDeck/SwiftSDK.git",
      "state" : {
        "revision" : "a7fd1eb469589a3c8fd8cc3abe19b092b5d674dc",
        "version" : "2.9.4"
      }
    },
    {
      "identity" : "tinymoon",
      "kind" : "remoteSourceControl",
      "location" : "https://github.com/mannylopez/TinyMoon",
      "state" : {
        "revision" : "521310a2ff995dd724bbc6e66a094e60f6dc1724",
        "version" : "3.0.1"
      }
    }
  ],
  "version" : 3
}
